
Microsoft Visual Studio Solution File, Format Version 12.00
# Visual Studio Version 17
VisualStudioVersion = 17.4.33213.308
MinimumVisualStudioVersion = 10.0.40219.1
Project("{FAE04EC0-301F-11D3-BF4B-00C04F79EFBC}") = "MongoDbDemoApp", "MongoDbDemoApp\MongoDbDemoApp.csproj", "{752EFB56-178A-4C7F-99BF-8EEDC5440D47}"
EndProject
Global
	GlobalSection(SolutionConfigurationPlatforms) = preSolution
		Debug|Any CPU = Debug|Any CPU
		Release|Any CPU = Release|Any CPU
	EndGlobalSection
	GlobalSection(ProjectConfigurationPlatforms) = postSolution
		{752EFB56-178A-4C7F-99BF-8EEDC5440D47}.Debug|Any CPU.ActiveCfg = Debug|Any CPU
		{752EFB56-178A-4C7F-99BF-8EEDC5440D47}.Debug|Any CPU.Build.0 = Debug|Any CPU
		{752EFB56-178A-4C7F-99BF-8EEDC5440D47}.Release|Any CPU.ActiveCfg = Release|Any CPU
		{752EFB56-178A-4C7F-99BF-8EEDC5440D47}.Release|Any CPU.Build.0 = Release|Any CPU
	EndGlobalSection
	GlobalSection(SolutionProperties) = preSolution
		HideSolutionNode = FALSE
	EndGlobalSection
	GlobalSection(ExtensibilityGlobals) = postSolution
		SolutionGuid = {E8464747-3220-40E7-987B-16B1E3EA1D10}
	EndGlobalSection
EndGlobal
